// !$*UTF8*$!
{
	archiveVersion = 1;
	classes = {
	};
	objectVersion = 55;
	objects = {

/* Begin PBXBuildFile section */
		A8F69D62291B8C8900DE6FAB /* AppDelegate.swift in Sources */ = {isa = PBXBuildFile; fileRef = A8F69D61291B8C8900DE6FAB /* AppDelegate.swift */; };
		A8F69D64291B8C8900DE6FAB /* SceneDelegate.swift in Sources */ = {isa = PBXBuildFile; fileRef = A8F69D63291B8C8900DE6FAB /* SceneDelegate.swift */; };
		A8F69D66291B8C8900DE6FAB /* ViewController.swift in Sources */ = {isa = PBXBuildFile; fileRef = A8F69D65291B8C8900DE6FAB /* ViewController.swift */; };
		A8F69D69291B8C8900DE6FAB /* Main.storyboard in Resources */ = {isa = PBXBuildFile; fileRef = A8F69D67291B8C8900DE6FAB /* Main.storyboard */; };
		A8F69D6B291B8C8A00DE6FAB /* Assets.xcassets in Resources */ = {isa = PBXBuildFile; fileRef = A8F69D6A291B8C8A00DE6FAB /* Assets.xcassets */; };
		A8F69D6E291B8C8A00DE6FAB /* LaunchScreen.storyboard in Resources */ = {isa = PBXBuildFile; fileRef = A8F69D6C291B8C8A00DE6FAB /* LaunchScreen.storyboard */; };
		A8F69D76291B901200DE6FAB /* ModalViewController.swift in Sources */ = {isa = PBXBuildFile; fileRef = A8F69D75291B901200DE6FAB /* ModalViewController.swift */; };
		A8F69D79291B98F300DE6FAB /* XibViewController.swift in Sources */ = {isa = PBXBuildFile; fileRef = A8F69D77291B98F300DE6FAB /* XibViewController.swift */; };
		A8F69D7A291B98F300DE6FAB /* XibViewController.xib in Resources */ = {isa = PBXBuildFile; fileRef = A8F69D78291B98F300DE6FAB /* XibViewController.xib */; };
/* End PBXBuildFile section */

/* Begin PBXFileReference section */
		A8F69D5E291B8C8900DE6FAB /* Chapter06_Modal.app */ = {isa = PBXFileReference; explicitFileType = wrapper.application; includeInIndex = 0; path = Chapter06_Modal.app; sourceTree = BUILT_PRODUCTS_DIR; };
		A8F69D61291B8C8900DE6FAB /* AppDelegate.swift */ = {isa = PBXFileReference; lastKnownFileType = sourcecode.swift; path = AppDelegate.swift; sourceTree = "<group>"; };
		A8F69D63291B8C8900DE6FAB /* SceneDelegate.swift */ = {isa = PBXFileReference; lastKnownFileType = sourcecode.swift; path = SceneDelegate.swift; sourceTree = "<group>"; };
		A8F69D65291B8C8900DE6FAB /* ViewController.swift */ = {isa = PBXFileReference; lastKnownFileType = sourcecode.swift; path = ViewController.swift; sourceTree = "<group>"; };
		A8F69D68291B8C8900DE6FAB /* Base */ = {isa = PBXFileReference; lastKnownFileType = file.storyboard; name = Base; path = Base.lproj/Main.storyboard; sourceTree = "<group>"; };
		A8F69D6A291B8C8A00DE6FAB /* Assets.xcassets */ = {isa = PBXFileReference; lastKnownFileType = folder.assetcatalog; path = Assets.xcassets; sourceTree = "<group>"; };
		A8F69D6D291B8C8A00DE6FAB /* Base */ = {isa = PBXFileReference; lastKnownFileType = file.storyboard; name = Base; path = Base.lproj/LaunchScreen.storyboard; sourceTree = "<group>"; };
		A8F69D6F291B8C8A00DE6FAB /* Info.plist */ = {isa = PBXFileReference; lastKnownFileType = text.plist.xml; path = Info.plist; sourceTree = "<group>"; };
		A8F69D75291B901200DE6FAB /* ModalViewController.swift */ = {isa = PBXFileReference; lastKnownFileType = sourcecode.swift; path = ModalViewController.swift; sourceTree = "<group>"; };
		A8F69D77291B98F300DE6FAB /* XibViewController.swift */ = {isa = PBXFileReference; lastKnownFileType = sourcecode.swift; path = XibViewController.swift; sourceTree = "<group>"; };
		A8F69D78291B98F300DE6FAB /* XibViewController.xib */ = {isa = PBXFileReference; lastKnownFileType = file.xib; path = XibViewController.xib; sourceTree = "<group>"; };
/* End PBXFileReference section */

/* Begin PBXFrameworksBuildPhase section */
		A8F69D5B291B8C8900DE6FAB /* Frameworks */ = {
			isa = PBXFrameworksBuildPhase;
			buildActionMask = 2147483647;
			files = (
			);
			runOnlyForDeploymentPostprocessing = 0;
		};
/* End PBXFrameworksBuildPhase section */

/* Begin PBXGroup section */
		A8F69D55291B8C8900DE6FAB = {
			isa = PBXGroup;
			children = (
				A8F69D60291B8C8900DE6FAB /* Chapter06_Modal */,
				A8F69D5F291B8C8900DE6FAB /* Products */,
			);
			sourceTree = "<group>";
		};
		A8F69D5F291B8C8900DE6FAB /* Products */ = {
			isa = PBXGroup;
			children = (
				A8F69D5E291B8C8900DE6FAB /* Chapter06_Modal.app */,
			);
			name = Products;
			sourceTree = "<group>";
		};
		A8F69D60291B8C8900DE6FAB /* Chapter06_Modal */ = {
			isa = PBXGroup;
			children = (
				A8F69D61291B8C8900DE6FAB /* AppDelegate.swift */,
				A8F69D63291B8C8900DE6FAB /* SceneDelegate.swift */,
				A8F69D65291B8C8900DE6FAB /* ViewController.swift */,
				A8F69D67291B8C8900DE6FAB /* Main.storyboard */,
				A8F69D6A291B8C8A00DE6FAB /* Assets.xcassets */,
				A8F69D6C291B8C8A00DE6FAB /* LaunchScreen.storyboard */,
				A8F69D6F291B8C8A00DE6FAB /* Info.plist */,
				A8F69D75291B901200DE6FAB /* ModalViewController.swift */,
				A8F69D77291B98F300DE6FAB /* XibViewController.swift */,
				A8F69D78291B98F300DE6FAB /* XibViewController.xib */,
			);
			path = Chapter06_Modal;
			sourceTree = "<group>";
		};
/* End PBXGroup section */

/* Begin PBXNativeTarget section */
		A8F69D5D291B8C8900DE6FAB /* Chapter06_Modal */ = {
			isa = PBXNativeTarget;
			buildConfigurationList = A8F69D72291B8C8A00DE6FAB /* Build configuration list for PBXNativeTarget "Chapter06_Modal" */;
			buildPhases = (
				A8F69D5A291B8C8900DE6FAB /* Sources */,
				A8F69D5B291B8C8900DE6FAB /* Frameworks */,
				A8F69D5C291B8C8900DE6FAB /* Resources */,
			);
			buildRules = (
			);
			dependencies = (
			);
			name = Chapter06_Modal;
			productName = Chapter06_Modal;
			productReference = A8F69D5E291B8C8900DE6FAB /* Chapter06_Modal.app */;
			productType = "com.apple.product-type.application";
		};
/* End PBXNativeTarget section */

/* Begin PBXProject section */
		A8F69D56291B8C8900DE6FAB /* Project object */ = {
			isa = PBXProject;
			attributes = {
				BuildIndependentTargetsInParallel = 1;
				LastSwiftUpdateCheck = 1340;
				LastUpgradeCheck = 1340;
				TargetAttributes = {
					A8F69D5D291B8C8900DE6FAB = {
						CreatedOnToolsVersion = 13.4.1;
					};
				};
			};
			buildConfigurationList = A8F69D59291B8C8900DE6FAB /* Build configuration list for PBXProject "Chapter06_Modal" */;
			compatibilityVersion = "Xcode 13.0";
			developmentRegion = en;
			hasScannedForEncodings = 0;
			knownRegions = (
				en,
				Base,
			);
			mainGroup = A8F69D55291B8C8900DE6FAB;
			productRefGroup = A8F69D5F291B8C8900DE6FAB /* Products */;
			projectDirPath = "";
			projectRoot = "";
			targets = (
				A8F69D5D291B8C8900DE6FAB /* Chapter06_Modal */,
			);
		};
/* End PBXProject section */

/* Begin PBXResourcesBuildPhase section */
		A8F69D5C291B8C8900DE6FAB /* Resources */ = {
			isa = PBXResourcesBuildPhase;
			buildActionMask = 2147483647;
			files = (
				A8F69D7A291B98F300DE6FAB /* XibViewController.xib in Resources */,
				A8F69D6E291B8C8A00DE6FAB /* LaunchScreen.storyboard in Resources */,
				A8F69D6B291B8C8A00DE6FAB /* Assets.xcassets in Resources */,
				A8F69D69291B8C8900DE6FAB /* Main.storyboard in Resources */,
			);
			runOnlyForDeploymentPostprocessing = 0;
		};
/* End PBXResourcesBuildPhase section */

/* Begin PBXSourcesBuildPhase section */
		A8F69D5A291B8C8900DE6FAB /* Sources */ = {
			isa = PBXSourcesBuildPhase;
			buildActionMask = 2147483647;
			files = (
				A8F69D79291B98F300DE6FAB /* XibViewController.swift in Sources */,
				A8F69D76291B901200DE6FAB /* ModalViewController.swift in Sources */,
				A8F69D66291B8C8900DE6FAB /* ViewController.swift in Sources */,
				A8F69D62291B8C8900DE6FAB /* AppDelegate.swift in Sources */,
				A8F69D64291B8C8900DE6FAB /* SceneDelegate.swift in Sources */,
			);
			runOnlyForDeploymentPostprocessing = 0;
		};
/* End PBXSourcesBuildPhase section */

/* Begin PBXVariantGroup section */
		A8F69D67291B8C8900DE6FAB /* Main.storyboard */ = {
			isa = PBXVariantGroup;
			children = (
				A8F69D68291B8C8900DE6FAB /* Base */,
			);
			name = Main.storyboard;
			sourceTree = "<group>";
		};
		A8F69D6C291B8C8A00DE6FAB /* LaunchScreen.storyboard */ = {
			isa = PBXVariantGroup;
			children = (
				A8F69D6D291B8C8A00DE6FAB /* Base */,
			);
			name = LaunchScreen.storyboard;
			sourceTree = "<group>";
		};
/* End PBXVariantGroup section */

/* Begin XCBuildConfiguration section */
		A8F69D70291B8C8A00DE6FAB /* Debug */ = {
			isa = XCBuildConfiguration;
			buildSettings = {
				ALWAYS_SEARCH_USER_PATHS = NO;
				CLANG_ANALYZER_NONNULL = YES;
				CLANG_ANALYZER_NUMBER_OBJECT_CONVERSION = YES_AGGRESSIVE;
				CLANG_CXX_LANGUAGE_STANDARD = "gnu++17";
				CLANG_ENABLE_MODULES = YES;
				CLANG_ENABLE_OBJC_ARC = YES;
				CLANG_ENABLE_OBJC_WEAK = YES;
				CLANG_WARN_BLOCK_CAPTURE_AUTORELEASING = YES;
				CLANG_WARN_BOOL_CONVERSION = YES;
				CLANG_WARN_COMMA = YES;
				CLANG_WARN_CONSTANT_CONVERSION = YES;
				CLANG_WARN_DEPRECATED_OBJC_IMPLEMENTATIONS = YES;
				CLANG_WARN_DIRECT_OBJC_ISA_USAGE = YES_ERROR;
				CLANG_WARN_DOCUMENTATION_COMMENTS = YES;
				CLANG_WARN_EMPTY_BODY = YES;
				CLANG_WARN_ENUM_CONVERSION = YES;
				CLANG_WARN_INFINITE_RECURSION = YES;
				CLANG_WARN_INT_CONVERSION = YES;
				CLANG_WARN_NON_LITERAL_NULL_CONVERSION = YES;
				CLANG_WARN_OBJC_IMPLICIT_RETAIN_SELF = YES;
				CLANG_WARN_OBJC_LITERAL_CONVERSION = YES;
				CLANG_WARN_OBJC_ROOT_CLASS = YES_ERROR;
				CLANG_WARN_QUOTED_INCLUDE_IN_FRAMEWORK_HEADER = YES;
				CLANG_WARN_RANGE_LOOP_ANALYSIS = YES;
				CLANG_WARN_STRICT_PROTOTYPES = YES;
				CLANG_WARN_SUSPICIOUS_MOVE = YES;
				CLANG_WARN_UNGUARDED_AVAILABILITY = YES_AGGRESSIVE;
				CLANG_WARN_UNREACHABLE_CODE = YES;
				CLANG_WARN__DUPLICATE_METHOD_MATCH = YES;
				COPY_PHASE_STRIP = NO;
				DEBUG_INFORMATION_FORMAT = dwarf;
				ENABLE_STRICT_OBJC_MSGSEND = YES;
				ENABLE_TESTABILITY = YES;
				GCC_C_LANGUAGE_STANDARD = gnu11;
				GCC_DYNAMIC_NO_PIC = NO;
				GCC_NO_COMMON_BLOCKS = YES;
				GCC_OPTIMIZATION_LEVEL = 0;
				GCC_PREPROCESSOR_DEFINITIONS = (
					"DEBUG=1",
					"$(inherited)",
				);
				GCC_WARN_64_TO_32_BIT_CONVERSION = YES;
				GCC_WARN_ABOUT_RETURN_TYPE = YES_ERROR;
				GCC_WARN_UNDECLARED_SELECTOR = YES;
				GCC_WARN_UNINITIALIZED_AUTOS = YES_AGGRESSIVE;
				GCC_WARN_UNUSED_FUNCTION = YES;
				GCC_WARN_UNUSED_VARIABLE = YES;
				IPHONEOS_DEPLOYMENT_TARGET = 15.5;
				MTL_ENABLE_DEBUG_INFO = INCLUDE_SOURCE;
				MTL_FAST_MATH = YES;
				ONLY_ACTIVE_ARCH = YES;
				SDKROOT = iphoneos;
				SWIFT_ACTIVE_COMPILATION_CONDITIONS = DEBUG;
				SWIFT_OPTIMIZATION_LEVEL = "-Onone";
			};
			name = Debug;
		};
		A8F69D71291B8C8A00DE6FAB /* Release */ = {
			isa = XCBuildConfiguration;
			buildSettings = {
				ALWAYS_SEARCH_USER_PATHS = NO;
				CLANG_ANALYZER_NONNULL = YES;
				CLANG_ANALYZER_NUMBER_OBJECT_CONVERSION = YES_AGGRESSIVE;
				CLANG_CXX_LANGUAGE_STANDARD = "gnu++17";
				CLANG_ENABLE_MODULES = YES;
				CLANG_ENABLE_OBJC_ARC = YES;
				CLANG_ENABLE_OBJC_WEAK = YES;
				CLANG_WARN_BLOCK_CAPTURE_AUTORELEASING = YES;
				CLANG_WARN_BOOL_CONVERSION = YES;
				CLANG_WARN_COMMA = YES;
				CLANG_WARN_CONSTANT_CONVERSION = YES;
				CLANG_WARN_DEPRECATED_OBJC_IMPLEMENTATIONS = YES;
				CLANG_WARN_DIRECT_OBJC_ISA_USAGE = YES_ERROR;
				CLANG_WARN_DOCUMENTATION_COMMENTS = YES;
				CLANG_WARN_EMPTY_BODY = YES;
				CLANG_WARN_ENUM_CONVERSION = YES;
				CLANG_WARN_INFINITE_RECURSION = YES;
				CLANG_WARN_INT_CONVERSION = YES;
				CLANG_WARN_NON_LITERAL_NULL_CONVERSION = YES;
				CLANG_WARN_OBJC_IMPLICIT_RETAIN_SELF = YES;
				CLANG_WARN_OBJC_LITERAL_CONVERSION = YES;
				CLANG_WARN_OBJC_ROOT_CLASS = YES_ERROR;
				CLANG_WARN_QUOTED_INCLUDE_IN_FRAMEWORK_HEADER = YES;
				CLANG_WARN_RANGE_LOOP_ANALYSIS = YES;
				CLANG_WARN_STRICT_PROTOTYPES = YES;
				CLANG_WARN_SUSPICIOUS_MOVE = YES;
				CLANG_WARN_UNGUARDED_AVAILABILITY = YES_AGGRESSIVE;
				CLANG_WARN_UNREACHABLE_CODE = YES;
				CLANG_WARN__DUPLICATE_METHOD_MATCH = YES;
				COPY_PHASE_STRIP = NO;
				DEBUG_INFORMATION_FORMAT = "dwarf-with-dsym";
				ENABLE_NS_ASSERTIONS = NO;
				ENABLE_STRICT_OBJC_MSGSEND = YES;
				GCC_C_LANGUAGE_STANDARD = gnu11;
				GCC_NO_COMMON_BLOCKS = YES;
				GCC_WARN_64_TO_32_BIT_CONVERSION = YES;
				GCC_WARN_ABOUT_RETURN_TYPE = YES_ERROR;
				GCC_WARN_UNDECLARED_SELECTOR = YES;
				GCC_WARN_UNINITIALIZED_AUTOS = YES_AGGRESSIVE;
				GCC_WARN_UNUSED_FUNCTION = YES;
				GCC_WARN_UNUSED_VARIABLE = YES;
				IPHONEOS_DEPLOYMENT_TARGET = 15.5;
				MTL_ENABLE_DEBUG_INFO = NO;
				MTL_FAST_MATH = YES;
				SDKROOT = iphoneos;
				SWIFT_COMPILATION_MODE = wholemodule;
				SWIFT_OPTIMIZATION_LEVEL = "-O";
				VALIDATE_PRODUCT = YES;
			};
			name = Release;
		};
		A8F69D73291B8C8A00DE6FAB /* Debug */ = {
			isa = XCBuildConfiguration;
			buildSettings = {
				ASSETCATALOG_COMPILER_APPICON_NAME = AppIcon;
				ASSETCATALOG_COMPILER_GLOBAL_ACCENT_COLOR_NAME = AccentColor;
				CODE_SIGN_STYLE = Automatic;
				CURRENT_PROJECT_VERSION = 1;
				GENERATE_INFOPLIST_FILE = YES;
				INFOPLIST_FILE = Chapter06_Modal/Info.plist;
				INFOPLIST_KEY_UIApplicationSupportsIndirectInputEvents = YES;
				INFOPLIST_KEY_UILaunchStoryboardName = LaunchScreen;
				INFOPLIST_KEY_UIMainStoryboardFile = Main;
				INFOPLIST_KEY_UISupportedInterfaceOrientations_iPad = "UIInterfaceOrientationPortrait UIInterfaceOrientationPortraitUpsideDown UIInterfaceOrientationLandscapeLeft UIInterfaceOrientationLandscapeRight";
				INFOPLIST_KEY_UISupportedInterfaceOrientations_iPhone = "UIInterfaceOrientationPortrait UIInterfaceOrientationLandscapeLeft UIInterfaceOrientationLandscapeRight";
				LD_RUNPATH_SEARCH_PATHS = (
					"$(inherited)",
					"@executable_path/Frameworks",
				);
				MARKETING_VERSION = 1.0;
				PRODUCT_BUNDLE_IDENTIFIER = "com.uuu.Chapter06-Modal";
				PRODUCT_NAME = "$(TARGET_NAME)";
				SWIFT_EMIT_LOC_STRINGS = YES;
				SWIFT_VERSION = 5.0;
				TARGETED_DEVICE_FAMILY = "1,2";
			};
			name = Debug;
		};
		A8F69D74291B8C8A00DE6FAB /* Release */ = {
			isa = XCBuildConfiguration;
			buildSettings = {
				ASSETCATALOG_COMPILER_APPICON_NAME = AppIcon;
				ASSETCATALOG_COMPILER_GLOBAL_ACCENT_COLOR_NAME = AccentColor;
				CODE_SIGN_STYLE = Automatic;
				CURRENT_PROJECT_VERSION = 1;
				GENERATE_INFOPLIST_FILE = YES;
				INFOPLIST_FILE = Chapter06_Modal/Info.plist;
				INFOPLIST_KEY_UIApplicationSupportsIndirectInputEvents = YES;
				INFOPLIST_KEY_UILaunchStoryboardName = LaunchScreen;
				INFOPLIST_KEY_UIMainStoryboardFile = Main;
				INFOPLIST_KEY_UISupportedInterfaceOrientations_iPad = "UIInterfaceOrientationPortrait UIInterfaceOrientationPortraitUpsideDown UIInterfaceOrientationLandscapeLeft UIInterfaceOrientationLandscapeRight";
				INFOPLIST_KEY_UISupportedInterfaceOrientations_iPhone = "UIInterfaceOrientationPortrait UIInterfaceOrientationLandscapeLeft UIInterfaceOrientationLandscapeRight";
				LD_RUNPATH_SEARCH_PATHS = (
					"$(inherited)",
					"@executable_path/Frameworks",
				);
				MARKETING_VERSION = 1.0;
				PRODUCT_BUNDLE_IDENTIFIER = "com.uuu.Chapter06-Modal";
				PRODUCT_NAME = "$(TARGET_NAME)";
				SWIFT_EMIT_LOC_STRINGS = YES;
				SWIFT_VERSION = 5.0;
				TARGETED_DEVICE_FAMILY = "1,2";
			};
			name = Release;
		};
/* End XCBuildConfiguration section */

/* Begin XCConfigurationList section */
		A8F69D59291B8C8900DE6FAB /* Build configuration list for PBXProject "Chapter06_Modal" */ = {
			isa = XCConfigurationList;
			buildConfigurations = (
				A8F69D70291B8C8A00DE6FAB /* Debug */,
				A8F69D71291B8C8A00DE6FAB /* Release */,
			);
			defaultConfigurationIsVisible = 0;
			defaultConfigurationName = Release;
		};
		A8F69D72291B8C8A00DE6FAB /* Build configuration list for PBXNativeTarget "Chapter06_Modal" */ = {
			isa = XCConfigurationList;
			buildConfigurations = (
				A8F69D73291B8C8A00DE6FAB /* Debug */,
				A8F69D74291B8C8A00DE6FAB /* Release */,
			);
			defaultConfigurationIsVisible = 0;
			defaultConfigurationName = Release;
		};
/* End XCConfigurationList section */
	};
	rootObject = A8F69D56291B8C8900DE6FAB /* Project object */;
}
