// !$*UTF8*$!
{
	archiveVersion = 1;
	classes = {
	};
	objectVersion = 56;
	objects = {

/* Begin PBXBuildFile section */
		A8034AFB291E133000A8969D /* AppDelegate.swift in Sources */ = {isa = PBXBuildFile; fileRef = A8034AFA291E133000A8969D /* AppDelegate.swift */; };
		A8034AFD291E133000A8969D /* SceneDelegate.swift in Sources */ = {isa = PBXBuildFile; fileRef = A8034AFC291E133000A8969D /* SceneDelegate.swift */; };
		A8034AFF291E133000A8969D /* ViewController.swift in Sources */ = {isa = PBXBuildFile; fileRef = A8034AFE291E133000A8969D /* ViewController.swift */; };
		A8034B02291E133000A8969D /* Main.storyboard in Resources */ = {isa = PBXBuildFile; fileRef = A8034B00291E133000A8969D /* Main.storyboard */; };
		A8034B04291E133100A8969D /* Assets.xcassets in Resources */ = {isa = PBXBuildFile; fileRef = A8034B03291E133100A8969D /* Assets.xcassets */; };
		A8034B07291E133100A8969D /* LaunchScreen.storyboard in Resources */ = {isa = PBXBuildFile; fileRef = A8034B05291E133100A8969D /* LaunchScreen.storyboard */; };
		A8034B15291E134E00A8969D /* overview1.jpg in Resources */ = {isa = PBXBuildFile; fileRef = A8034B0F291E134D00A8969D /* overview1.jpg */; };
		A8034B16291E134E00A8969D /* overview2.jpg in Resources */ = {isa = PBXBuildFile; fileRef = A8034B10291E134D00A8969D /* overview2.jpg */; };
		A8034B17291E134E00A8969D /* overview4.jpg in Resources */ = {isa = PBXBuildFile; fileRef = A8034B11291E134D00A8969D /* overview4.jpg */; };
		A8034B18291E134E00A8969D /* overview3.jpg in Resources */ = {isa = PBXBuildFile; fileRef = A8034B12291E134D00A8969D /* overview3.jpg */; };
		A8034B19291E134E00A8969D /* jquery.js in Resources */ = {isa = PBXBuildFile; fileRef = A8034B13291E134D00A8969D /* jquery.js */; };
		A8034B1A291E134E00A8969D /* home.html in Resources */ = {isa = PBXBuildFile; fileRef = A8034B14291E134E00A8969D /* home.html */; };
/* End PBXBuildFile section */

/* Begin PBXFileReference section */
		A8034AF7291E133000A8969D /* Chapter12_hybrid.app */ = {isa = PBXFileReference; explicitFileType = wrapper.application; includeInIndex = 0; path = Chapter12_hybrid.app; sourceTree = BUILT_PRODUCTS_DIR; };
		A8034AFA291E133000A8969D /* AppDelegate.swift */ = {isa = PBXFileReference; lastKnownFileType = sourcecode.swift; path = AppDelegate.swift; sourceTree = "<group>"; };
		A8034AFC291E133000A8969D /* SceneDelegate.swift */ = {isa = PBXFileReference; lastKnownFileType = sourcecode.swift; path = SceneDelegate.swift; sourceTree = "<group>"; };
		A8034AFE291E133000A8969D /* ViewController.swift */ = {isa = PBXFileReference; lastKnownFileType = sourcecode.swift; path = ViewController.swift; sourceTree = "<group>"; };
		A8034B01291E133000A8969D /* Base */ = {isa = PBXFileReference; lastKnownFileType = file.storyboard; name = Base; path = Base.lproj/Main.storyboard; sourceTree = "<group>"; };
		A8034B03291E133100A8969D /* Assets.xcassets */ = {isa = PBXFileReference; lastKnownFileType = folder.assetcatalog; path = Assets.xcassets; sourceTree = "<group>"; };
		A8034B06291E133100A8969D /* Base */ = {isa = PBXFileReference; lastKnownFileType = file.storyboard; name = Base; path = Base.lproj/LaunchScreen.storyboard; sourceTree = "<group>"; };
		A8034B08291E133100A8969D /* Info.plist */ = {isa = PBXFileReference; lastKnownFileType = text.plist.xml; path = Info.plist; sourceTree = "<group>"; };
		A8034B0F291E134D00A8969D /* overview1.jpg */ = {isa = PBXFileReference; lastKnownFileType = image.jpeg; path = overview1.jpg; sourceTree = "<group>"; };
		A8034B10291E134D00A8969D /* overview2.jpg */ = {isa = PBXFileReference; lastKnownFileType = image.jpeg; path = overview2.jpg; sourceTree = "<group>"; };
		A8034B11291E134D00A8969D /* overview4.jpg */ = {isa = PBXFileReference; lastKnownFileType = image.jpeg; path = overview4.jpg; sourceTree = "<group>"; };
		A8034B12291E134D00A8969D /* overview3.jpg */ = {isa = PBXFileReference; lastKnownFileType = image.jpeg; path = overview3.jpg; sourceTree = "<group>"; };
		A8034B13291E134D00A8969D /* jquery.js */ = {isa = PBXFileReference; fileEncoding = 4; lastKnownFileType = sourcecode.javascript; path = jquery.js; sourceTree = "<group>"; };
		A8034B14291E134E00A8969D /* home.html */ = {isa = PBXFileReference; fileEncoding = 4; lastKnownFileType = text.html; path = home.html; sourceTree = "<group>"; };
/* End PBXFileReference section */

/* Begin PBXFrameworksBuildPhase section */
		A8034AF4291E133000A8969D /* Frameworks */ = {
			isa = PBXFrameworksBuildPhase;
			buildActionMask = 2147483647;
			files = (
			);
			runOnlyForDeploymentPostprocessing = 0;
		};
/* End PBXFrameworksBuildPhase section */

/* Begin PBXGroup section */
		A8034AEE291E133000A8969D = {
			isa = PBXGroup;
			children = (
				A8034AF9291E133000A8969D /* Chapter12_hybrid */,
				A8034AF8291E133000A8969D /* Products */,
			);
			sourceTree = "<group>";
		};
		A8034AF8291E133000A8969D /* Products */ = {
			isa = PBXGroup;
			children = (
				A8034AF7291E133000A8969D /* Chapter12_hybrid.app */,
			);
			name = Products;
			sourceTree = "<group>";
		};
		A8034AF9291E133000A8969D /* Chapter12_hybrid */ = {
			isa = PBXGroup;
			children = (
				A8034B0E291E133600A8969D /* html */,
				A8034AFA291E133000A8969D /* AppDelegate.swift */,
				A8034AFC291E133000A8969D /* SceneDelegate.swift */,
				A8034AFE291E133000A8969D /* ViewController.swift */,
				A8034B00291E133000A8969D /* Main.storyboard */,
				A8034B03291E133100A8969D /* Assets.xcassets */,
				A8034B05291E133100A8969D /* LaunchScreen.storyboard */,
				A8034B08291E133100A8969D /* Info.plist */,
			);
			path = Chapter12_hybrid;
			sourceTree = "<group>";
		};
		A8034B0E291E133600A8969D /* html */ = {
			isa = PBXGroup;
			children = (
				A8034B14291E134E00A8969D /* home.html */,
				A8034B13291E134D00A8969D /* jquery.js */,
				A8034B0F291E134D00A8969D /* overview1.jpg */,
				A8034B10291E134D00A8969D /* overview2.jpg */,
				A8034B12291E134D00A8969D /* overview3.jpg */,
				A8034B11291E134D00A8969D /* overview4.jpg */,
			);
			path = html;
			sourceTree = "<group>";
		};
/* End PBXGroup section */

/* Begin PBXNativeTarget section */
		A8034AF6291E133000A8969D /* Chapter12_hybrid */ = {
			isa = PBXNativeTarget;
			buildConfigurationList = A8034B0B291E133100A8969D /* Build configuration list for PBXNativeTarget "Chapter12_hybrid" */;
			buildPhases = (
				A8034AF3291E133000A8969D /* Sources */,
				A8034AF4291E133000A8969D /* Frameworks */,
				A8034AF5291E133000A8969D /* Resources */,
			);
			buildRules = (
			);
			dependencies = (
			);
			name = Chapter12_hybrid;
			productName = Chapter12_hybrid;
			productReference = A8034AF7291E133000A8969D /* Chapter12_hybrid.app */;
			productType = "com.apple.product-type.application";
		};
/* End PBXNativeTarget section */

/* Begin PBXProject section */
		A8034AEF291E133000A8969D /* Project object */ = {
			isa = PBXProject;
			attributes = {
				BuildIndependentTargetsInParallel = 1;
				LastSwiftUpdateCheck = 1410;
				LastUpgradeCheck = 1410;
				TargetAttributes = {
					A8034AF6291E133000A8969D = {
						CreatedOnToolsVersion = 14.1;
					};
				};
			};
			buildConfigurationList = A8034AF2291E133000A8969D /* Build configuration list for PBXProject "Chapter12_hybrid" */;
			compatibilityVersion = "Xcode 14.0";
			developmentRegion = en;
			hasScannedForEncodings = 0;
			knownRegions = (
				en,
				Base,
			);
			mainGroup = A8034AEE291E133000A8969D;
			productRefGroup = A8034AF8291E133000A8969D /* Products */;
			projectDirPath = "";
			projectRoot = "";
			targets = (
				A8034AF6291E133000A8969D /* Chapter12_hybrid */,
			);
		};
/* End PBXProject section */

/* Begin PBXResourcesBuildPhase section */
		A8034AF5291E133000A8969D /* Resources */ = {
			isa = PBXResourcesBuildPhase;
			buildActionMask = 2147483647;
			files = (
				A8034B18291E134E00A8969D /* overview3.jpg in Resources */,
				A8034B1A291E134E00A8969D /* home.html in Resources */,
				A8034B15291E134E00A8969D /* overview1.jpg in Resources */,
				A8034B17291E134E00A8969D /* overview4.jpg in Resources */,
				A8034B07291E133100A8969D /* LaunchScreen.storyboard in Resources */,
				A8034B19291E134E00A8969D /* jquery.js in Resources */,
				A8034B16291E134E00A8969D /* overview2.jpg in Resources */,
				A8034B04291E133100A8969D /* Assets.xcassets in Resources */,
				A8034B02291E133000A8969D /* Main.storyboard in Resources */,
			);
			runOnlyForDeploymentPostprocessing = 0;
		};
/* End PBXResourcesBuildPhase section */

/* Begin PBXSourcesBuildPhase section */
		A8034AF3291E133000A8969D /* Sources */ = {
			isa = PBXSourcesBuildPhase;
			buildActionMask = 2147483647;
			files = (
				A8034AFF291E133000A8969D /* ViewController.swift in Sources */,
				A8034AFB291E133000A8969D /* AppDelegate.swift in Sources */,
				A8034AFD291E133000A8969D /* SceneDelegate.swift in Sources */,
			);
			runOnlyForDeploymentPostprocessing = 0;
		};
/* End PBXSourcesBuildPhase section */

/* Begin PBXVariantGroup section */
		A8034B00291E133000A8969D /* Main.storyboard */ = {
			isa = PBXVariantGroup;
			children = (
				A8034B01291E133000A8969D /* Base */,
			);
			name = Main.storyboard;
			sourceTree = "<group>";
		};
		A8034B05291E133100A8969D /* LaunchScreen.storyboard */ = {
			isa = PBXVariantGroup;
			children = (
				A8034B06291E133100A8969D /* Base */,
			);
			name = LaunchScreen.storyboard;
			sourceTree = "<group>";
		};
/* End PBXVariantGroup section */

/* Begin XCBuildConfiguration section */
		A8034B09291E133100A8969D /* Debug */ = {
			isa = XCBuildConfiguration;
			buildSettings = {
				ALWAYS_SEARCH_USER_PATHS = NO;
				CLANG_ANALYZER_NONNULL = YES;
				CLANG_ANALYZER_NUMBER_OBJECT_CONVERSION = YES_AGGRESSIVE;
				CLANG_CXX_LANGUAGE_STANDARD = "gnu++20";
				CLANG_ENABLE_MODULES = YES;
				CLANG_ENABLE_OBJC_ARC = YES;
				CLANG_ENABLE_OBJC_WEAK = YES;
				CLANG_WARN_BLOCK_CAPTURE_AUTORELEASING = YES;
				CLANG_WARN_BOOL_CONVERSION = YES;
				CLANG_WARN_COMMA = YES;
				CLANG_WARN_CONSTANT_CONVERSION = YES;
				CLANG_WARN_DEPRECATED_OBJC_IMPLEMENTATIONS = YES;
				CLANG_WARN_DIRECT_OBJC_ISA_USAGE = YES_ERROR;
				CLANG_WARN_DOCUMENTATION_COMMENTS = YES;
				CLANG_WARN_EMPTY_BODY = YES;
				CLANG_WARN_ENUM_CONVERSION = YES;
				CLANG_WARN_INFINITE_RECURSION = YES;
				CLANG_WARN_INT_CONVERSION = YES;
				CLANG_WARN_NON_LITERAL_NULL_CONVERSION = YES;
				CLANG_WARN_OBJC_IMPLICIT_RETAIN_SELF = YES;
				CLANG_WARN_OBJC_LITERAL_CONVERSION = YES;
				CLANG_WARN_OBJC_ROOT_CLASS = YES_ERROR;
				CLANG_WARN_QUOTED_INCLUDE_IN_FRAMEWORK_HEADER = YES;
				CLANG_WARN_RANGE_LOOP_ANALYSIS = YES;
				CLANG_WARN_STRICT_PROTOTYPES = YES;
				CLANG_WARN_SUSPICIOUS_MOVE = YES;
				CLANG_WARN_UNGUARDED_AVAILABILITY = YES_AGGRESSIVE;
				CLANG_WARN_UNREACHABLE_CODE = YES;
				CLANG_WARN__DUPLICATE_METHOD_MATCH = YES;
				COPY_PHASE_STRIP = NO;
				DEBUG_INFORMATION_FORMAT = dwarf;
				ENABLE_STRICT_OBJC_MSGSEND = YES;
				ENABLE_TESTABILITY = YES;
				GCC_C_LANGUAGE_STANDARD = gnu11;
				GCC_DYNAMIC_NO_PIC = NO;
				GCC_NO_COMMON_BLOCKS = YES;
				GCC_OPTIMIZATION_LEVEL = 0;
				GCC_PREPROCESSOR_DEFINITIONS = (
					"DEBUG=1",
					"$(inherited)",
				);
				GCC_WARN_64_TO_32_BIT_CONVERSION = YES;
				GCC_WARN_ABOUT_RETURN_TYPE = YES_ERROR;
				GCC_WARN_UNDECLARED_SELECTOR = YES;
				GCC_WARN_UNINITIALIZED_AUTOS = YES_AGGRESSIVE;
				GCC_WARN_UNUSED_FUNCTION = YES;
				GCC_WARN_UNUSED_VARIABLE = YES;
				IPHONEOS_DEPLOYMENT_TARGET = 16.1;
				MTL_ENABLE_DEBUG_INFO = INCLUDE_SOURCE;
				MTL_FAST_MATH = YES;
				ONLY_ACTIVE_ARCH = YES;
				SDKROOT = iphoneos;
				SWIFT_ACTIVE_COMPILATION_CONDITIONS = DEBUG;
				SWIFT_OPTIMIZATION_LEVEL = "-Onone";
			};
			name = Debug;
		};
		A8034B0A291E133100A8969D /* Release */ = {
			isa = XCBuildConfiguration;
			buildSettings = {
				ALWAYS_SEARCH_USER_PATHS = NO;
				CLANG_ANALYZER_NONNULL = YES;
				CLANG_ANALYZER_NUMBER_OBJECT_CONVERSION = YES_AGGRESSIVE;
				CLANG_CXX_LANGUAGE_STANDARD = "gnu++20";
				CLANG_ENABLE_MODULES = YES;
				CLANG_ENABLE_OBJC_ARC = YES;
				CLANG_ENABLE_OBJC_WEAK = YES;
				CLANG_WARN_BLOCK_CAPTURE_AUTORELEASING = YES;
				CLANG_WARN_BOOL_CONVERSION = YES;
				CLANG_WARN_COMMA = YES;
				CLANG_WARN_CONSTANT_CONVERSION = YES;
				CLANG_WARN_DEPRECATED_OBJC_IMPLEMENTATIONS = YES;
				CLANG_WARN_DIRECT_OBJC_ISA_USAGE = YES_ERROR;
				CLANG_WARN_DOCUMENTATION_COMMENTS = YES;
				CLANG_WARN_EMPTY_BODY = YES;
				CLANG_WARN_ENUM_CONVERSION = YES;
				CLANG_WARN_INFINITE_RECURSION = YES;
				CLANG_WARN_INT_CONVERSION = YES;
				CLANG_WARN_NON_LITERAL_NULL_CONVERSION = YES;
				CLANG_WARN_OBJC_IMPLICIT_RETAIN_SELF = YES;
				CLANG_WARN_OBJC_LITERAL_CONVERSION = YES;
				CLANG_WARN_OBJC_ROOT_CLASS = YES_ERROR;
				CLANG_WARN_QUOTED_INCLUDE_IN_FRAMEWORK_HEADER = YES;
				CLANG_WARN_RANGE_LOOP_ANALYSIS = YES;
				CLANG_WARN_STRICT_PROTOTYPES = YES;
				CLANG_WARN_SUSPICIOUS_MOVE = YES;
				CLANG_WARN_UNGUARDED_AVAILABILITY = YES_AGGRESSIVE;
				CLANG_WARN_UNREACHABLE_CODE = YES;
				CLANG_WARN__DUPLICATE_METHOD_MATCH = YES;
				COPY_PHASE_STRIP = NO;
				DEBUG_INFORMATION_FORMAT = "dwarf-with-dsym";
				ENABLE_NS_ASSERTIONS = NO;
				ENABLE_STRICT_OBJC_MSGSEND = YES;
				GCC_C_LANGUAGE_STANDARD = gnu11;
				GCC_NO_COMMON_BLOCKS = YES;
				GCC_WARN_64_TO_32_BIT_CONVERSION = YES;
				GCC_WARN_ABOUT_RETURN_TYPE = YES_ERROR;
				GCC_WARN_UNDECLARED_SELECTOR = YES;
				GCC_WARN_UNINITIALIZED_AUTOS = YES_AGGRESSIVE;
				GCC_WARN_UNUSED_FUNCTION = YES;
				GCC_WARN_UNUSED_VARIABLE = YES;
				IPHONEOS_DEPLOYMENT_TARGET = 16.1;
				MTL_ENABLE_DEBUG_INFO = NO;
				MTL_FAST_MATH = YES;
				SDKROOT = iphoneos;
				SWIFT_COMPILATION_MODE = wholemodule;
				SWIFT_OPTIMIZATION_LEVEL = "-O";
				VALIDATE_PRODUCT = YES;
			};
			name = Release;
		};
		A8034B0C291E133100A8969D /* Debug */ = {
			isa = XCBuildConfiguration;
			buildSettings = {
				ASSETCATALOG_COMPILER_APPICON_NAME = AppIcon;
				ASSETCATALOG_COMPILER_GLOBAL_ACCENT_COLOR_NAME = AccentColor;
				CODE_SIGN_STYLE = Automatic;
				CURRENT_PROJECT_VERSION = 1;
				DEVELOPMENT_TEAM = 934VW54XDG;
				GENERATE_INFOPLIST_FILE = YES;
				INFOPLIST_FILE = Chapter12_hybrid/Info.plist;
				INFOPLIST_KEY_UIApplicationSupportsIndirectInputEvents = YES;
				INFOPLIST_KEY_UILaunchStoryboardName = LaunchScreen;
				INFOPLIST_KEY_UIMainStoryboardFile = Main;
				INFOPLIST_KEY_UISupportedInterfaceOrientations_iPad = "UIInterfaceOrientationPortrait UIInterfaceOrientationPortraitUpsideDown UIInterfaceOrientationLandscapeLeft UIInterfaceOrientationLandscapeRight";
				INFOPLIST_KEY_UISupportedInterfaceOrientations_iPhone = "UIInterfaceOrientationPortrait UIInterfaceOrientationLandscapeLeft UIInterfaceOrientationLandscapeRight";
				LD_RUNPATH_SEARCH_PATHS = (
					"$(inherited)",
					"@executable_path/Frameworks",
				);
				MARKETING_VERSION = 1.0;
				PRODUCT_BUNDLE_IDENTIFIER = "com.uuu.Chapter12-hybrid";
				PRODUCT_NAME = "$(TARGET_NAME)";
				SWIFT_EMIT_LOC_STRINGS = YES;
				SWIFT_VERSION = 5.0;
				TARGETED_DEVICE_FAMILY = "1,2";
			};
			name = Debug;
		};
		A8034B0D291E133100A8969D /* Release */ = {
			isa = XCBuildConfiguration;
			buildSettings = {
				ASSETCATALOG_COMPILER_APPICON_NAME = AppIcon;
				ASSETCATALOG_COMPILER_GLOBAL_ACCENT_COLOR_NAME = AccentColor;
				CODE_SIGN_STYLE = Automatic;
				CURRENT_PROJECT_VERSION = 1;
				DEVELOPMENT_TEAM = 934VW54XDG;
				GENERATE_INFOPLIST_FILE = YES;
				INFOPLIST_FILE = Chapter12_hybrid/Info.plist;
				INFOPLIST_KEY_UIApplicationSupportsIndirectInputEvents = YES;
				INFOPLIST_KEY_UILaunchStoryboardName = LaunchScreen;
				INFOPLIST_KEY_UIMainStoryboardFile = Main;
				INFOPLIST_KEY_UISupportedInterfaceOrientations_iPad = "UIInterfaceOrientationPortrait UIInterfaceOrientationPortraitUpsideDown UIInterfaceOrientationLandscapeLeft UIInterfaceOrientationLandscapeRight";
				INFOPLIST_KEY_UISupportedInterfaceOrientations_iPhone = "UIInterfaceOrientationPortrait UIInterfaceOrientationLandscapeLeft UIInterfaceOrientationLandscapeRight";
				LD_RUNPATH_SEARCH_PATHS = (
					"$(inherited)",
					"@executable_path/Frameworks",
				);
				MARKETING_VERSION = 1.0;
				PRODUCT_BUNDLE_IDENTIFIER = "com.uuu.Chapter12-hybrid";
				PRODUCT_NAME = "$(TARGET_NAME)";
				SWIFT_EMIT_LOC_STRINGS = YES;
				SWIFT_VERSION = 5.0;
				TARGETED_DEVICE_FAMILY = "1,2";
			};
			name = Release;
		};
/* End XCBuildConfiguration section */

/* Begin XCConfigurationList section */
		A8034AF2291E133000A8969D /* Build configuration list for PBXProject "Chapter12_hybrid" */ = {
			isa = XCConfigurationList;
			buildConfigurations = (
				A8034B09291E133100A8969D /* Debug */,
				A8034B0A291E133100A8969D /* Release */,
			);
			defaultConfigurationIsVisible = 0;
			defaultConfigurationName = Release;
		};
		A8034B0B291E133100A8969D /* Build configuration list for PBXNativeTarget "Chapter12_hybrid" */ = {
			isa = XCConfigurationList;
			buildConfigurations = (
				A8034B0C291E133100A8969D /* Debug */,
				A8034B0D291E133100A8969D /* Release */,
			);
			defaultConfigurationIsVisible = 0;
			defaultConfigurationName = Release;
		};
/* End XCConfigurationList section */
	};
	rootObject = A8034AEF291E133000A8969D /* Project object */;
}
