// !$*UTF8*$!
{
	archiveVersion = 1;
	classes = {
	};
	objectVersion = 55;
	objects = {

/* Begin PBXBuildFile section */
		A8F69D88291B9C8D00DE6FAB /* AppDelegate.swift in Sources */ = {isa = PBXBuildFile; fileRef = A8F69D87291B9C8D00DE6FAB /* AppDelegate.swift */; };
		A8F69D8A291B9C8D00DE6FAB /* SceneDelegate.swift in Sources */ = {isa = PBXBuildFile; fileRef = A8F69D89291B9C8D00DE6FAB /* SceneDelegate.swift */; };
		A8F69D8C291B9C8D00DE6FAB /* ViewController.swift in Sources */ = {isa = PBXBuildFile; fileRef = A8F69D8B291B9C8D00DE6FAB /* ViewController.swift */; };
		A8F69D8F291B9C8D00DE6FAB /* Main.storyboard in Resources */ = {isa = PBXBuildFile; fileRef = A8F69D8D291B9C8D00DE6FAB /* Main.storyboard */; };
		A8F69D91291B9C8E00DE6FAB /* Assets.xcassets in Resources */ = {isa = PBXBuildFile; fileRef = A8F69D90291B9C8E00DE6FAB /* Assets.xcassets */; };
		A8F69D94291B9C8E00DE6FAB /* LaunchScreen.storyboard in Resources */ = {isa = PBXBuildFile; fileRef = A8F69D92291B9C8E00DE6FAB /* LaunchScreen.storyboard */; };
		A8F69DA1291BA18C00DE6FAB /* InfoPlist.strings in Resources */ = {isa = PBXBuildFile; fileRef = A8F69DA3291BA18C00DE6FAB /* InfoPlist.strings */; };
		A8F69DA5291BA19900DE6FAB /* MyRes.strings in Resources */ = {isa = PBXBuildFile; fileRef = A8F69DA7291BA19900DE6FAB /* MyRes.strings */; };
/* End PBXBuildFile section */

/* Begin PBXFileReference section */
		A8F69D84291B9C8D00DE6FAB /* Chapter07.app */ = {isa = PBXFileReference; explicitFileType = wrapper.application; includeInIndex = 0; path = Chapter07.app; sourceTree = BUILT_PRODUCTS_DIR; };
		A8F69D87291B9C8D00DE6FAB /* AppDelegate.swift */ = {isa = PBXFileReference; lastKnownFileType = sourcecode.swift; path = AppDelegate.swift; sourceTree = "<group>"; };
		A8F69D89291B9C8D00DE6FAB /* SceneDelegate.swift */ = {isa = PBXFileReference; lastKnownFileType = sourcecode.swift; path = SceneDelegate.swift; sourceTree = "<group>"; };
		A8F69D8B291B9C8D00DE6FAB /* ViewController.swift */ = {isa = PBXFileReference; lastKnownFileType = sourcecode.swift; path = ViewController.swift; sourceTree = "<group>"; };
		A8F69D8E291B9C8D00DE6FAB /* Base */ = {isa = PBXFileReference; lastKnownFileType = file.storyboard; name = Base; path = Base.lproj/Main.storyboard; sourceTree = "<group>"; };
		A8F69D90291B9C8E00DE6FAB /* Assets.xcassets */ = {isa = PBXFileReference; lastKnownFileType = folder.assetcatalog; path = Assets.xcassets; sourceTree = "<group>"; };
		A8F69D93291B9C8E00DE6FAB /* Base */ = {isa = PBXFileReference; lastKnownFileType = file.storyboard; name = Base; path = Base.lproj/LaunchScreen.storyboard; sourceTree = "<group>"; };
		A8F69D95291B9C8E00DE6FAB /* Info.plist */ = {isa = PBXFileReference; lastKnownFileType = text.plist.xml; path = Info.plist; sourceTree = "<group>"; };
		A8F69D9F291BA16200DE6FAB /* zh-Hant */ = {isa = PBXFileReference; lastKnownFileType = text.plist.strings; name = "zh-Hant"; path = "zh-Hant.lproj/Main.strings"; sourceTree = "<group>"; };
		A8F69DA0291BA16200DE6FAB /* zh-Hant */ = {isa = PBXFileReference; lastKnownFileType = text.plist.strings; name = "zh-Hant"; path = "zh-Hant.lproj/LaunchScreen.strings"; sourceTree = "<group>"; };
		A8F69DA2291BA18C00DE6FAB /* en */ = {isa = PBXFileReference; lastKnownFileType = text.plist.strings; name = en; path = en.lproj/InfoPlist.strings; sourceTree = "<group>"; };
		A8F69DA4291BA18D00DE6FAB /* zh-Hant */ = {isa = PBXFileReference; lastKnownFileType = text.plist.strings; name = "zh-Hant"; path = "zh-Hant.lproj/InfoPlist.strings"; sourceTree = "<group>"; };
		A8F69DA6291BA19900DE6FAB /* en */ = {isa = PBXFileReference; lastKnownFileType = text.plist.strings; name = en; path = en.lproj/MyRes.strings; sourceTree = "<group>"; };
		A8F69DA8291BA19E00DE6FAB /* zh-Hant */ = {isa = PBXFileReference; lastKnownFileType = text.plist.strings; name = "zh-Hant"; path = "zh-Hant.lproj/MyRes.strings"; sourceTree = "<group>"; };
/* End PBXFileReference section */

/* Begin PBXFrameworksBuildPhase section */
		A8F69D81291B9C8D00DE6FAB /* Frameworks */ = {
			isa = PBXFrameworksBuildPhase;
			buildActionMask = 2147483647;
			files = (
			);
			runOnlyForDeploymentPostprocessing = 0;
		};
/* End PBXFrameworksBuildPhase section */

/* Begin PBXGroup section */
		A8F69D7B291B9C8D00DE6FAB = {
			isa = PBXGroup;
			children = (
				A8F69D86291B9C8D00DE6FAB /* Chapter07 */,
				A8F69D85291B9C8D00DE6FAB /* Products */,
			);
			sourceTree = "<group>";
		};
		A8F69D85291B9C8D00DE6FAB /* Products */ = {
			isa = PBXGroup;
			children = (
				A8F69D84291B9C8D00DE6FAB /* Chapter07.app */,
			);
			name = Products;
			sourceTree = "<group>";
		};
		A8F69D86291B9C8D00DE6FAB /* Chapter07 */ = {
			isa = PBXGroup;
			children = (
				A8F69D87291B9C8D00DE6FAB /* AppDelegate.swift */,
				A8F69D89291B9C8D00DE6FAB /* SceneDelegate.swift */,
				A8F69D8B291B9C8D00DE6FAB /* ViewController.swift */,
				A8F69D8D291B9C8D00DE6FAB /* Main.storyboard */,
				A8F69D90291B9C8E00DE6FAB /* Assets.xcassets */,
				A8F69D92291B9C8E00DE6FAB /* LaunchScreen.storyboard */,
				A8F69D95291B9C8E00DE6FAB /* Info.plist */,
				A8F69DA3291BA18C00DE6FAB /* InfoPlist.strings */,
				A8F69DA7291BA19900DE6FAB /* MyRes.strings */,
			);
			path = Chapter07;
			sourceTree = "<group>";
		};
/* End PBXGroup section */

/* Begin PBXNativeTarget section */
		A8F69D83291B9C8D00DE6FAB /* Chapter07 */ = {
			isa = PBXNativeTarget;
			buildConfigurationList = A8F69D98291B9C8E00DE6FAB /* Build configuration list for PBXNativeTarget "Chapter07" */;
			buildPhases = (
				A8F69D80291B9C8D00DE6FAB /* Sources */,
				A8F69D81291B9C8D00DE6FAB /* Frameworks */,
				A8F69D82291B9C8D00DE6FAB /* Resources */,
			);
			buildRules = (
			);
			dependencies = (
			);
			name = Chapter07;
			productName = Chapter07;
			productReference = A8F69D84291B9C8D00DE6FAB /* Chapter07.app */;
			productType = "com.apple.product-type.application";
		};
/* End PBXNativeTarget section */

/* Begin PBXProject section */
		A8F69D7C291B9C8D00DE6FAB /* Project object */ = {
			isa = PBXProject;
			attributes = {
				BuildIndependentTargetsInParallel = 1;
				LastSwiftUpdateCheck = 1340;
				LastUpgradeCheck = 1340;
				TargetAttributes = {
					A8F69D83291B9C8D00DE6FAB = {
						CreatedOnToolsVersion = 13.4.1;
					};
				};
			};
			buildConfigurationList = A8F69D7F291B9C8D00DE6FAB /* Build configuration list for PBXProject "Chapter07" */;
			compatibilityVersion = "Xcode 13.0";
			developmentRegion = en;
			hasScannedForEncodings = 0;
			knownRegions = (
				en,
				Base,
				"zh-Hant",
			);
			mainGroup = A8F69D7B291B9C8D00DE6FAB;
			productRefGroup = A8F69D85291B9C8D00DE6FAB /* Products */;
			projectDirPath = "";
			projectRoot = "";
			targets = (
				A8F69D83291B9C8D00DE6FAB /* Chapter07 */,
			);
		};
/* End PBXProject section */

/* Begin PBXResourcesBuildPhase section */
		A8F69D82291B9C8D00DE6FAB /* Resources */ = {
			isa = PBXResourcesBuildPhase;
			buildActionMask = 2147483647;
			files = (
				A8F69D94291B9C8E00DE6FAB /* LaunchScreen.storyboard in Resources */,
				A8F69DA1291BA18C00DE6FAB /* InfoPlist.strings in Resources */,
				A8F69D91291B9C8E00DE6FAB /* Assets.xcassets in Resources */,
				A8F69DA5291BA19900DE6FAB /* MyRes.strings in Resources */,
				A8F69D8F291B9C8D00DE6FAB /* Main.storyboard in Resources */,
			);
			runOnlyForDeploymentPostprocessing = 0;
		};
/* End PBXResourcesBuildPhase section */

/* Begin PBXSourcesBuildPhase section */
		A8F69D80291B9C8D00DE6FAB /* Sources */ = {
			isa = PBXSourcesBuildPhase;
			buildActionMask = 2147483647;
			files = (
				A8F69D8C291B9C8D00DE6FAB /* ViewController.swift in Sources */,
				A8F69D88291B9C8D00DE6FAB /* AppDelegate.swift in Sources */,
				A8F69D8A291B9C8D00DE6FAB /* SceneDelegate.swift in Sources */,
			);
			runOnlyForDeploymentPostprocessing = 0;
		};
/* End PBXSourcesBuildPhase section */

/* Begin PBXVariantGroup section */
		A8F69D8D291B9C8D00DE6FAB /* Main.storyboard */ = {
			isa = PBXVariantGroup;
			children = (
				A8F69D8E291B9C8D00DE6FAB /* Base */,
				A8F69D9F291BA16200DE6FAB /* zh-Hant */,
			);
			name = Main.storyboard;
			sourceTree = "<group>";
		};
		A8F69D92291B9C8E00DE6FAB /* LaunchScreen.storyboard */ = {
			isa = PBXVariantGroup;
			children = (
				A8F69D93291B9C8E00DE6FAB /* Base */,
				A8F69DA0291BA16200DE6FAB /* zh-Hant */,
			);
			name = LaunchScreen.storyboard;
			sourceTree = "<group>";
		};
		A8F69DA3291BA18C00DE6FAB /* InfoPlist.strings */ = {
			isa = PBXVariantGroup;
			children = (
				A8F69DA2291BA18C00DE6FAB /* en */,
				A8F69DA4291BA18D00DE6FAB /* zh-Hant */,
			);
			name = InfoPlist.strings;
			sourceTree = "<group>";
		};
		A8F69DA7291BA19900DE6FAB /* MyRes.strings */ = {
			isa = PBXVariantGroup;
			children = (
				A8F69DA6291BA19900DE6FAB /* en */,
				A8F69DA8291BA19E00DE6FAB /* zh-Hant */,
			);
			name = MyRes.strings;
			sourceTree = "<group>";
		};
/* End PBXVariantGroup section */

/* Begin XCBuildConfiguration section */
		A8F69D96291B9C8E00DE6FAB /* Debug */ = {
			isa = XCBuildConfiguration;
			buildSettings = {
				ALWAYS_SEARCH_USER_PATHS = NO;
				CLANG_ANALYZER_LOCALIZABILITY_NONLOCALIZED = YES;
				CLANG_ANALYZER_NONNULL = YES;
				CLANG_ANALYZER_NUMBER_OBJECT_CONVERSION = YES_AGGRESSIVE;
				CLANG_CXX_LANGUAGE_STANDARD = "gnu++17";
				CLANG_ENABLE_MODULES = YES;
				CLANG_ENABLE_OBJC_ARC = YES;
				CLANG_ENABLE_OBJC_WEAK = YES;
				CLANG_WARN_BLOCK_CAPTURE_AUTORELEASING = YES;
				CLANG_WARN_BOOL_CONVERSION = YES;
				CLANG_WARN_COMMA = YES;
				CLANG_WARN_CONSTANT_CONVERSION = YES;
				CLANG_WARN_DEPRECATED_OBJC_IMPLEMENTATIONS = YES;
				CLANG_WARN_DIRECT_OBJC_ISA_USAGE = YES_ERROR;
				CLANG_WARN_DOCUMENTATION_COMMENTS = YES;
				CLANG_WARN_EMPTY_BODY = YES;
				CLANG_WARN_ENUM_CONVERSION = YES;
				CLANG_WARN_INFINITE_RECURSION = YES;
				CLANG_WARN_INT_CONVERSION = YES;
				CLANG_WARN_NON_LITERAL_NULL_CONVERSION = YES;
				CLANG_WARN_OBJC_IMPLICIT_RETAIN_SELF = YES;
				CLANG_WARN_OBJC_LITERAL_CONVERSION = YES;
				CLANG_WARN_OBJC_ROOT_CLASS = YES_ERROR;
				CLANG_WARN_QUOTED_INCLUDE_IN_FRAMEWORK_HEADER = YES;
				CLANG_WARN_RANGE_LOOP_ANALYSIS = YES;
				CLANG_WARN_STRICT_PROTOTYPES = YES;
				CLANG_WARN_SUSPICIOUS_MOVE = YES;
				CLANG_WARN_UNGUARDED_AVAILABILITY = YES_AGGRESSIVE;
				CLANG_WARN_UNREACHABLE_CODE = YES;
				CLANG_WARN__DUPLICATE_METHOD_MATCH = YES;
				COPY_PHASE_STRIP = NO;
				DEBUG_INFORMATION_FORMAT = dwarf;
				ENABLE_STRICT_OBJC_MSGSEND = YES;
				ENABLE_TESTABILITY = YES;
				GCC_C_LANGUAGE_STANDARD = gnu11;
				GCC_DYNAMIC_NO_PIC = NO;
				GCC_NO_COMMON_BLOCKS = YES;
				GCC_OPTIMIZATION_LEVEL = 0;
				GCC_PREPROCESSOR_DEFINITIONS = (
					"DEBUG=1",
					"$(inherited)",
				);
				GCC_WARN_64_TO_32_BIT_CONVERSION = YES;
				GCC_WARN_ABOUT_RETURN_TYPE = YES_ERROR;
				GCC_WARN_UNDECLARED_SELECTOR = YES;
				GCC_WARN_UNINITIALIZED_AUTOS = YES_AGGRESSIVE;
				GCC_WARN_UNUSED_FUNCTION = YES;
				GCC_WARN_UNUSED_VARIABLE = YES;
				IPHONEOS_DEPLOYMENT_TARGET = 15.5;
				MTL_ENABLE_DEBUG_INFO = INCLUDE_SOURCE;
				MTL_FAST_MATH = YES;
				ONLY_ACTIVE_ARCH = YES;
				SDKROOT = iphoneos;
				SWIFT_ACTIVE_COMPILATION_CONDITIONS = DEBUG;
				SWIFT_OPTIMIZATION_LEVEL = "-Onone";
			};
			name = Debug;
		};
		A8F69D97291B9C8E00DE6FAB /* Release */ = {
			isa = XCBuildConfiguration;
			buildSettings = {
				ALWAYS_SEARCH_USER_PATHS = NO;
				CLANG_ANALYZER_LOCALIZABILITY_NONLOCALIZED = YES;
				CLANG_ANALYZER_NONNULL = YES;
				CLANG_ANALYZER_NUMBER_OBJECT_CONVERSION = YES_AGGRESSIVE;
				CLANG_CXX_LANGUAGE_STANDARD = "gnu++17";
				CLANG_ENABLE_MODULES = YES;
				CLANG_ENABLE_OBJC_ARC = YES;
				CLANG_ENABLE_OBJC_WEAK = YES;
				CLANG_WARN_BLOCK_CAPTURE_AUTORELEASING = YES;
				CLANG_WARN_BOOL_CONVERSION = YES;
				CLANG_WARN_COMMA = YES;
				CLANG_WARN_CONSTANT_CONVERSION = YES;
				CLANG_WARN_DEPRECATED_OBJC_IMPLEMENTATIONS = YES;
				CLANG_WARN_DIRECT_OBJC_ISA_USAGE = YES_ERROR;
				CLANG_WARN_DOCUMENTATION_COMMENTS = YES;
				CLANG_WARN_EMPTY_BODY = YES;
				CLANG_WARN_ENUM_CONVERSION = YES;
				CLANG_WARN_INFINITE_RECURSION = YES;
				CLANG_WARN_INT_CONVERSION = YES;
				CLANG_WARN_NON_LITERAL_NULL_CONVERSION = YES;
				CLANG_WARN_OBJC_IMPLICIT_RETAIN_SELF = YES;
				CLANG_WARN_OBJC_LITERAL_CONVERSION = YES;
				CLANG_WARN_OBJC_ROOT_CLASS = YES_ERROR;
				CLANG_WARN_QUOTED_INCLUDE_IN_FRAMEWORK_HEADER = YES;
				CLANG_WARN_RANGE_LOOP_ANALYSIS = YES;
				CLANG_WARN_STRICT_PROTOTYPES = YES;
				CLANG_WARN_SUSPICIOUS_MOVE = YES;
				CLANG_WARN_UNGUARDED_AVAILABILITY = YES_AGGRESSIVE;
				CLANG_WARN_UNREACHABLE_CODE = YES;
				CLANG_WARN__DUPLICATE_METHOD_MATCH = YES;
				COPY_PHASE_STRIP = NO;
				DEBUG_INFORMATION_FORMAT = "dwarf-with-dsym";
				ENABLE_NS_ASSERTIONS = NO;
				ENABLE_STRICT_OBJC_MSGSEND = YES;
				GCC_C_LANGUAGE_STANDARD = gnu11;
				GCC_NO_COMMON_BLOCKS = YES;
				GCC_WARN_64_TO_32_BIT_CONVERSION = YES;
				GCC_WARN_ABOUT_RETURN_TYPE = YES_ERROR;
				GCC_WARN_UNDECLARED_SELECTOR = YES;
				GCC_WARN_UNINITIALIZED_AUTOS = YES_AGGRESSIVE;
				GCC_WARN_UNUSED_FUNCTION = YES;
				GCC_WARN_UNUSED_VARIABLE = YES;
				IPHONEOS_DEPLOYMENT_TARGET = 15.5;
				MTL_ENABLE_DEBUG_INFO = NO;
				MTL_FAST_MATH = YES;
				SDKROOT = iphoneos;
				SWIFT_COMPILATION_MODE = wholemodule;
				SWIFT_OPTIMIZATION_LEVEL = "-O";
				VALIDATE_PRODUCT = YES;
			};
			name = Release;
		};
		A8F69D99291B9C8E00DE6FAB /* Debug */ = {
			isa = XCBuildConfiguration;
			buildSettings = {
				ASSETCATALOG_COMPILER_APPICON_NAME = AppIcon;
				ASSETCATALOG_COMPILER_GLOBAL_ACCENT_COLOR_NAME = AccentColor;
				CODE_SIGN_STYLE = Automatic;
				CURRENT_PROJECT_VERSION = 1;
				GENERATE_INFOPLIST_FILE = YES;
				INFOPLIST_FILE = Chapter07/Info.plist;
				INFOPLIST_KEY_UIApplicationSupportsIndirectInputEvents = YES;
				INFOPLIST_KEY_UILaunchStoryboardName = LaunchScreen;
				INFOPLIST_KEY_UIMainStoryboardFile = Main;
				INFOPLIST_KEY_UISupportedInterfaceOrientations_iPad = "UIInterfaceOrientationPortrait UIInterfaceOrientationPortraitUpsideDown UIInterfaceOrientationLandscapeLeft UIInterfaceOrientationLandscapeRight";
				INFOPLIST_KEY_UISupportedInterfaceOrientations_iPhone = "UIInterfaceOrientationPortrait UIInterfaceOrientationLandscapeLeft UIInterfaceOrientationLandscapeRight";
				LD_RUNPATH_SEARCH_PATHS = (
					"$(inherited)",
					"@executable_path/Frameworks",
				);
				MARKETING_VERSION = 1.0;
				PRODUCT_BUNDLE_IDENTIFIER = com.uuu.Chapter07;
				PRODUCT_NAME = "$(TARGET_NAME)";
				SWIFT_EMIT_LOC_STRINGS = YES;
				SWIFT_VERSION = 5.0;
				TARGETED_DEVICE_FAMILY = "1,2";
			};
			name = Debug;
		};
		A8F69D9A291B9C8E00DE6FAB /* Release */ = {
			isa = XCBuildConfiguration;
			buildSettings = {
				ASSETCATALOG_COMPILER_APPICON_NAME = AppIcon;
				ASSETCATALOG_COMPILER_GLOBAL_ACCENT_COLOR_NAME = AccentColor;
				CODE_SIGN_STYLE = Automatic;
				CURRENT_PROJECT_VERSION = 1;
				GENERATE_INFOPLIST_FILE = YES;
				INFOPLIST_FILE = Chapter07/Info.plist;
				INFOPLIST_KEY_UIApplicationSupportsIndirectInputEvents = YES;
				INFOPLIST_KEY_UILaunchStoryboardName = LaunchScreen;
				INFOPLIST_KEY_UIMainStoryboardFile = Main;
				INFOPLIST_KEY_UISupportedInterfaceOrientations_iPad = "UIInterfaceOrientationPortrait UIInterfaceOrientationPortraitUpsideDown UIInterfaceOrientationLandscapeLeft UIInterfaceOrientationLandscapeRight";
				INFOPLIST_KEY_UISupportedInterfaceOrientations_iPhone = "UIInterfaceOrientationPortrait UIInterfaceOrientationLandscapeLeft UIInterfaceOrientationLandscapeRight";
				LD_RUNPATH_SEARCH_PATHS = (
					"$(inherited)",
					"@executable_path/Frameworks",
				);
				MARKETING_VERSION = 1.0;
				PRODUCT_BUNDLE_IDENTIFIER = com.uuu.Chapter07;
				PRODUCT_NAME = "$(TARGET_NAME)";
				SWIFT_EMIT_LOC_STRINGS = YES;
				SWIFT_VERSION = 5.0;
				TARGETED_DEVICE_FAMILY = "1,2";
			};
			name = Release;
		};
/* End XCBuildConfiguration section */

/* Begin XCConfigurationList section */
		A8F69D7F291B9C8D00DE6FAB /* Build configuration list for PBXProject "Chapter07" */ = {
			isa = XCConfigurationList;
			buildConfigurations = (
				A8F69D96291B9C8E00DE6FAB /* Debug */,
				A8F69D97291B9C8E00DE6FAB /* Release */,
			);
			defaultConfigurationIsVisible = 0;
			defaultConfigurationName = Release;
		};
		A8F69D98291B9C8E00DE6FAB /* Build configuration list for PBXNativeTarget "Chapter07" */ = {
			isa = XCConfigurationList;
			buildConfigurations = (
				A8F69D99291B9C8E00DE6FAB /* Debug */,
				A8F69D9A291B9C8E00DE6FAB /* Release */,
			);
			defaultConfigurationIsVisible = 0;
			defaultConfigurationName = Release;
		};
/* End XCConfigurationList section */
	};
	rootObject = A8F69D7C291B9C8D00DE6FAB /* Project object */;
}
