// !$*UTF8*$!
{
	archiveVersion = 1;
	classes = {
	};
	objectVersion = 56;
	objects = {

/* Begin PBXBuildFile section */
		A853EF89291CAA5300C6BE51 /* AppDelegate.swift in Sources */ = {isa = PBXBuildFile; fileRef = A853EF88291CAA5300C6BE51 /* AppDelegate.swift */; };
		A853EF8B291CAA5300C6BE51 /* SceneDelegate.swift in Sources */ = {isa = PBXBuildFile; fileRef = A853EF8A291CAA5300C6BE51 /* SceneDelegate.swift */; };
		A853EF8D291CAA5300C6BE51 /* ViewController.swift in Sources */ = {isa = PBXBuildFile; fileRef = A853EF8C291CAA5300C6BE51 /* ViewController.swift */; };
		A853EF90291CAA5300C6BE51 /* Main.storyboard in Resources */ = {isa = PBXBuildFile; fileRef = A853EF8E291CAA5300C6BE51 /* Main.storyboard */; };
		A853EF92291CAA5400C6BE51 /* Assets.xcassets in Resources */ = {isa = PBXBuildFile; fileRef = A853EF91291CAA5400C6BE51 /* Assets.xcassets */; };
		A853EF95291CAA5400C6BE51 /* LaunchScreen.storyboard in Resources */ = {isa = PBXBuildFile; fileRef = A853EF93291CAA5400C6BE51 /* LaunchScreen.storyboard */; };
		A853EFA2291CAC6300C6BE51 /* libswiftMapKit.tbd in Frameworks */ = {isa = PBXBuildFile; fileRef = A853EFA1291CAC6300C6BE51 /* libswiftMapKit.tbd */; };
		A853EFA4291CAC7400C6BE51 /* libswiftCoreLocation.tbd in Frameworks */ = {isa = PBXBuildFile; fileRef = A853EFA3291CAC7400C6BE51 /* libswiftCoreLocation.tbd */; };
		A853EFA6291CD81600C6BE51 /* MapViewController.swift in Sources */ = {isa = PBXBuildFile; fileRef = A853EFA5291CD81600C6BE51 /* MapViewController.swift */; };
/* End PBXBuildFile section */

/* Begin PBXFileReference section */
		A853EF85291CAA5300C6BE51 /* Chapter09.app */ = {isa = PBXFileReference; explicitFileType = wrapper.application; includeInIndex = 0; path = Chapter09.app; sourceTree = BUILT_PRODUCTS_DIR; };
		A853EF88291CAA5300C6BE51 /* AppDelegate.swift */ = {isa = PBXFileReference; lastKnownFileType = sourcecode.swift; path = AppDelegate.swift; sourceTree = "<group>"; };
		A853EF8A291CAA5300C6BE51 /* SceneDelegate.swift */ = {isa = PBXFileReference; lastKnownFileType = sourcecode.swift; path = SceneDelegate.swift; sourceTree = "<group>"; };
		A853EF8C291CAA5300C6BE51 /* ViewController.swift */ = {isa = PBXFileReference; lastKnownFileType = sourcecode.swift; path = ViewController.swift; sourceTree = "<group>"; };
		A853EF8F291CAA5300C6BE51 /* Base */ = {isa = PBXFileReference; lastKnownFileType = file.storyboard; name = Base; path = Base.lproj/Main.storyboard; sourceTree = "<group>"; };
		A853EF91291CAA5400C6BE51 /* Assets.xcassets */ = {isa = PBXFileReference; lastKnownFileType = folder.assetcatalog; path = Assets.xcassets; sourceTree = "<group>"; };
		A853EF94291CAA5400C6BE51 /* Base */ = {isa = PBXFileReference; lastKnownFileType = file.storyboard; name = Base; path = Base.lproj/LaunchScreen.storyboard; sourceTree = "<group>"; };
		A853EF96291CAA5400C6BE51 /* Info.plist */ = {isa = PBXFileReference; lastKnownFileType = text.plist.xml; path = Info.plist; sourceTree = "<group>"; };
		A853EF9D291CAAA900C6BE51 /* MapKit.framework */ = {isa = PBXFileReference; lastKnownFileType = wrapper.framework; name = MapKit.framework; path = System/Library/Frameworks/MapKit.framework; sourceTree = SDKROOT; };
		A853EF9F291CAAD400C6BE51 /* CoreLocation.framework */ = {isa = PBXFileReference; lastKnownFileType = wrapper.framework; name = CoreLocation.framework; path = System/Library/Frameworks/CoreLocation.framework; sourceTree = SDKROOT; };
		A853EFA1291CAC6300C6BE51 /* libswiftMapKit.tbd */ = {isa = PBXFileReference; lastKnownFileType = "sourcecode.text-based-dylib-definition"; name = libswiftMapKit.tbd; path = usr/lib/swift/libswiftMapKit.tbd; sourceTree = SDKROOT; };
		A853EFA3291CAC7400C6BE51 /* libswiftCoreLocation.tbd */ = {isa = PBXFileReference; lastKnownFileType = "sourcecode.text-based-dylib-definition"; name = libswiftCoreLocation.tbd; path = usr/lib/swift/libswiftCoreLocation.tbd; sourceTree = SDKROOT; };
		A853EFA5291CD81600C6BE51 /* MapViewController.swift */ = {isa = PBXFileReference; lastKnownFileType = sourcecode.swift; path = MapViewController.swift; sourceTree = "<group>"; };
/* End PBXFileReference section */

/* Begin PBXFrameworksBuildPhase section */
		A853EF82291CAA5300C6BE51 /* Frameworks */ = {
			isa = PBXFrameworksBuildPhase;
			buildActionMask = 2147483647;
			files = (
				A853EFA4291CAC7400C6BE51 /* libswiftCoreLocation.tbd in Frameworks */,
				A853EFA2291CAC6300C6BE51 /* libswiftMapKit.tbd in Frameworks */,
			);
			runOnlyForDeploymentPostprocessing = 0;
		};
/* End PBXFrameworksBuildPhase section */

/* Begin PBXGroup section */
		A853EF7C291CAA5300C6BE51 = {
			isa = PBXGroup;
			children = (
				A853EF87291CAA5300C6BE51 /* Chapter09 */,
				A853EF86291CAA5300C6BE51 /* Products */,
				A853EF9C291CAAA900C6BE51 /* Frameworks */,
			);
			sourceTree = "<group>";
		};
		A853EF86291CAA5300C6BE51 /* Products */ = {
			isa = PBXGroup;
			children = (
				A853EF85291CAA5300C6BE51 /* Chapter09.app */,
			);
			name = Products;
			sourceTree = "<group>";
		};
		A853EF87291CAA5300C6BE51 /* Chapter09 */ = {
			isa = PBXGroup;
			children = (
				A853EF88291CAA5300C6BE51 /* AppDelegate.swift */,
				A853EF8A291CAA5300C6BE51 /* SceneDelegate.swift */,
				A853EF8C291CAA5300C6BE51 /* ViewController.swift */,
				A853EF8E291CAA5300C6BE51 /* Main.storyboard */,
				A853EF91291CAA5400C6BE51 /* Assets.xcassets */,
				A853EF93291CAA5400C6BE51 /* LaunchScreen.storyboard */,
				A853EF96291CAA5400C6BE51 /* Info.plist */,
				A853EFA5291CD81600C6BE51 /* MapViewController.swift */,
			);
			path = Chapter09;
			sourceTree = "<group>";
		};
		A853EF9C291CAAA900C6BE51 /* Frameworks */ = {
			isa = PBXGroup;
			children = (
				A853EFA3291CAC7400C6BE51 /* libswiftCoreLocation.tbd */,
				A853EFA1291CAC6300C6BE51 /* libswiftMapKit.tbd */,
				A853EF9F291CAAD400C6BE51 /* CoreLocation.framework */,
				A853EF9D291CAAA900C6BE51 /* MapKit.framework */,
			);
			name = Frameworks;
			sourceTree = "<group>";
		};
/* End PBXGroup section */

/* Begin PBXNativeTarget section */
		A853EF84291CAA5300C6BE51 /* Chapter09 */ = {
			isa = PBXNativeTarget;
			buildConfigurationList = A853EF99291CAA5400C6BE51 /* Build configuration list for PBXNativeTarget "Chapter09" */;
			buildPhases = (
				A853EF81291CAA5300C6BE51 /* Sources */,
				A853EF82291CAA5300C6BE51 /* Frameworks */,
				A853EF83291CAA5300C6BE51 /* Resources */,
			);
			buildRules = (
			);
			dependencies = (
			);
			name = Chapter09;
			productName = Chapter09;
			productReference = A853EF85291CAA5300C6BE51 /* Chapter09.app */;
			productType = "com.apple.product-type.application";
		};
/* End PBXNativeTarget section */

/* Begin PBXProject section */
		A853EF7D291CAA5300C6BE51 /* Project object */ = {
			isa = PBXProject;
			attributes = {
				BuildIndependentTargetsInParallel = 1;
				LastSwiftUpdateCheck = 1410;
				LastUpgradeCheck = 1410;
				TargetAttributes = {
					A853EF84291CAA5300C6BE51 = {
						CreatedOnToolsVersion = 14.1;
					};
				};
			};
			buildConfigurationList = A853EF80291CAA5300C6BE51 /* Build configuration list for PBXProject "Chapter09" */;
			compatibilityVersion = "Xcode 14.0";
			developmentRegion = en;
			hasScannedForEncodings = 0;
			knownRegions = (
				en,
				Base,
			);
			mainGroup = A853EF7C291CAA5300C6BE51;
			productRefGroup = A853EF86291CAA5300C6BE51 /* Products */;
			projectDirPath = "";
			projectRoot = "";
			targets = (
				A853EF84291CAA5300C6BE51 /* Chapter09 */,
			);
		};
/* End PBXProject section */

/* Begin PBXResourcesBuildPhase section */
		A853EF83291CAA5300C6BE51 /* Resources */ = {
			isa = PBXResourcesBuildPhase;
			buildActionMask = 2147483647;
			files = (
				A853EF95291CAA5400C6BE51 /* LaunchScreen.storyboard in Resources */,
				A853EF92291CAA5400C6BE51 /* Assets.xcassets in Resources */,
				A853EF90291CAA5300C6BE51 /* Main.storyboard in Resources */,
			);
			runOnlyForDeploymentPostprocessing = 0;
		};
/* End PBXResourcesBuildPhase section */

/* Begin PBXSourcesBuildPhase section */
		A853EF81291CAA5300C6BE51 /* Sources */ = {
			isa = PBXSourcesBuildPhase;
			buildActionMask = 2147483647;
			files = (
				A853EF8D291CAA5300C6BE51 /* ViewController.swift in Sources */,
				A853EF89291CAA5300C6BE51 /* AppDelegate.swift in Sources */,
				A853EF8B291CAA5300C6BE51 /* SceneDelegate.swift in Sources */,
				A853EFA6291CD81600C6BE51 /* MapViewController.swift in Sources */,
			);
			runOnlyForDeploymentPostprocessing = 0;
		};
/* End PBXSourcesBuildPhase section */

/* Begin PBXVariantGroup section */
		A853EF8E291CAA5300C6BE51 /* Main.storyboard */ = {
			isa = PBXVariantGroup;
			children = (
				A853EF8F291CAA5300C6BE51 /* Base */,
			);
			name = Main.storyboard;
			sourceTree = "<group>";
		};
		A853EF93291CAA5400C6BE51 /* LaunchScreen.storyboard */ = {
			isa = PBXVariantGroup;
			children = (
				A853EF94291CAA5400C6BE51 /* Base */,
			);
			name = LaunchScreen.storyboard;
			sourceTree = "<group>";
		};
/* End PBXVariantGroup section */

/* Begin XCBuildConfiguration section */
		A853EF97291CAA5400C6BE51 /* Debug */ = {
			isa = XCBuildConfiguration;
			buildSettings = {
				ALWAYS_SEARCH_USER_PATHS = NO;
				CLANG_ANALYZER_NONNULL = YES;
				CLANG_ANALYZER_NUMBER_OBJECT_CONVERSION = YES_AGGRESSIVE;
				CLANG_CXX_LANGUAGE_STANDARD = "gnu++20";
				CLANG_ENABLE_MODULES = YES;
				CLANG_ENABLE_OBJC_ARC = YES;
				CLANG_ENABLE_OBJC_WEAK = YES;
				CLANG_WARN_BLOCK_CAPTURE_AUTORELEASING = YES;
				CLANG_WARN_BOOL_CONVERSION = YES;
				CLANG_WARN_COMMA = YES;
				CLANG_WARN_CONSTANT_CONVERSION = YES;
				CLANG_WARN_DEPRECATED_OBJC_IMPLEMENTATIONS = YES;
				CLANG_WARN_DIRECT_OBJC_ISA_USAGE = YES_ERROR;
				CLANG_WARN_DOCUMENTATION_COMMENTS = YES;
				CLANG_WARN_EMPTY_BODY = YES;
				CLANG_WARN_ENUM_CONVERSION = YES;
				CLANG_WARN_INFINITE_RECURSION = YES;
				CLANG_WARN_INT_CONVERSION = YES;
				CLANG_WARN_NON_LITERAL_NULL_CONVERSION = YES;
				CLANG_WARN_OBJC_IMPLICIT_RETAIN_SELF = YES;
				CLANG_WARN_OBJC_LITERAL_CONVERSION = YES;
				CLANG_WARN_OBJC_ROOT_CLASS = YES_ERROR;
				CLANG_WARN_QUOTED_INCLUDE_IN_FRAMEWORK_HEADER = YES;
				CLANG_WARN_RANGE_LOOP_ANALYSIS = YES;
				CLANG_WARN_STRICT_PROTOTYPES = YES;
				CLANG_WARN_SUSPICIOUS_MOVE = YES;
				CLANG_WARN_UNGUARDED_AVAILABILITY = YES_AGGRESSIVE;
				CLANG_WARN_UNREACHABLE_CODE = YES;
				CLANG_WARN__DUPLICATE_METHOD_MATCH = YES;
				COPY_PHASE_STRIP = NO;
				DEBUG_INFORMATION_FORMAT = dwarf;
				ENABLE_STRICT_OBJC_MSGSEND = YES;
				ENABLE_TESTABILITY = YES;
				GCC_C_LANGUAGE_STANDARD = gnu11;
				GCC_DYNAMIC_NO_PIC = NO;
				GCC_NO_COMMON_BLOCKS = YES;
				GCC_OPTIMIZATION_LEVEL = 0;
				GCC_PREPROCESSOR_DEFINITIONS = (
					"DEBUG=1",
					"$(inherited)",
				);
				GCC_WARN_64_TO_32_BIT_CONVERSION = YES;
				GCC_WARN_ABOUT_RETURN_TYPE = YES_ERROR;
				GCC_WARN_UNDECLARED_SELECTOR = YES;
				GCC_WARN_UNINITIALIZED_AUTOS = YES_AGGRESSIVE;
				GCC_WARN_UNUSED_FUNCTION = YES;
				GCC_WARN_UNUSED_VARIABLE = YES;
				IPHONEOS_DEPLOYMENT_TARGET = 16.1;
				MTL_ENABLE_DEBUG_INFO = INCLUDE_SOURCE;
				MTL_FAST_MATH = YES;
				ONLY_ACTIVE_ARCH = YES;
				SDKROOT = iphoneos;
				SWIFT_ACTIVE_COMPILATION_CONDITIONS = DEBUG;
				SWIFT_OPTIMIZATION_LEVEL = "-Onone";
			};
			name = Debug;
		};
		A853EF98291CAA5400C6BE51 /* Release */ = {
			isa = XCBuildConfiguration;
			buildSettings = {
				ALWAYS_SEARCH_USER_PATHS = NO;
				CLANG_ANALYZER_NONNULL = YES;
				CLANG_ANALYZER_NUMBER_OBJECT_CONVERSION = YES_AGGRESSIVE;
				CLANG_CXX_LANGUAGE_STANDARD = "gnu++20";
				CLANG_ENABLE_MODULES = YES;
				CLANG_ENABLE_OBJC_ARC = YES;
				CLANG_ENABLE_OBJC_WEAK = YES;
				CLANG_WARN_BLOCK_CAPTURE_AUTORELEASING = YES;
				CLANG_WARN_BOOL_CONVERSION = YES;
				CLANG_WARN_COMMA = YES;
				CLANG_WARN_CONSTANT_CONVERSION = YES;
				CLANG_WARN_DEPRECATED_OBJC_IMPLEMENTATIONS = YES;
				CLANG_WARN_DIRECT_OBJC_ISA_USAGE = YES_ERROR;
				CLANG_WARN_DOCUMENTATION_COMMENTS = YES;
				CLANG_WARN_EMPTY_BODY = YES;
				CLANG_WARN_ENUM_CONVERSION = YES;
				CLANG_WARN_INFINITE_RECURSION = YES;
				CLANG_WARN_INT_CONVERSION = YES;
				CLANG_WARN_NON_LITERAL_NULL_CONVERSION = YES;
				CLANG_WARN_OBJC_IMPLICIT_RETAIN_SELF = YES;
				CLANG_WARN_OBJC_LITERAL_CONVERSION = YES;
				CLANG_WARN_OBJC_ROOT_CLASS = YES_ERROR;
				CLANG_WARN_QUOTED_INCLUDE_IN_FRAMEWORK_HEADER = YES;
				CLANG_WARN_RANGE_LOOP_ANALYSIS = YES;
				CLANG_WARN_STRICT_PROTOTYPES = YES;
				CLANG_WARN_SUSPICIOUS_MOVE = YES;
				CLANG_WARN_UNGUARDED_AVAILABILITY = YES_AGGRESSIVE;
				CLANG_WARN_UNREACHABLE_CODE = YES;
				CLANG_WARN__DUPLICATE_METHOD_MATCH = YES;
				COPY_PHASE_STRIP = NO;
				DEBUG_INFORMATION_FORMAT = "dwarf-with-dsym";
				ENABLE_NS_ASSERTIONS = NO;
				ENABLE_STRICT_OBJC_MSGSEND = YES;
				GCC_C_LANGUAGE_STANDARD = gnu11;
				GCC_NO_COMMON_BLOCKS = YES;
				GCC_WARN_64_TO_32_BIT_CONVERSION = YES;
				GCC_WARN_ABOUT_RETURN_TYPE = YES_ERROR;
				GCC_WARN_UNDECLARED_SELECTOR = YES;
				GCC_WARN_UNINITIALIZED_AUTOS = YES_AGGRESSIVE;
				GCC_WARN_UNUSED_FUNCTION = YES;
				GCC_WARN_UNUSED_VARIABLE = YES;
				IPHONEOS_DEPLOYMENT_TARGET = 16.1;
				MTL_ENABLE_DEBUG_INFO = NO;
				MTL_FAST_MATH = YES;
				SDKROOT = iphoneos;
				SWIFT_COMPILATION_MODE = wholemodule;
				SWIFT_OPTIMIZATION_LEVEL = "-O";
				VALIDATE_PRODUCT = YES;
			};
			name = Release;
		};
		A853EF9A291CAA5400C6BE51 /* Debug */ = {
			isa = XCBuildConfiguration;
			buildSettings = {
				ASSETCATALOG_COMPILER_APPICON_NAME = AppIcon;
				ASSETCATALOG_COMPILER_GLOBAL_ACCENT_COLOR_NAME = AccentColor;
				CODE_SIGN_STYLE = Automatic;
				CURRENT_PROJECT_VERSION = 1;
				DEVELOPMENT_TEAM = 934VW54XDG;
				GENERATE_INFOPLIST_FILE = YES;
				INFOPLIST_FILE = Chapter09/Info.plist;
				INFOPLIST_KEY_UIApplicationSupportsIndirectInputEvents = YES;
				INFOPLIST_KEY_UILaunchStoryboardName = LaunchScreen;
				INFOPLIST_KEY_UIMainStoryboardFile = Main;
				INFOPLIST_KEY_UISupportedInterfaceOrientations_iPad = "UIInterfaceOrientationPortrait UIInterfaceOrientationPortraitUpsideDown UIInterfaceOrientationLandscapeLeft UIInterfaceOrientationLandscapeRight";
				INFOPLIST_KEY_UISupportedInterfaceOrientations_iPhone = "UIInterfaceOrientationPortrait UIInterfaceOrientationLandscapeLeft UIInterfaceOrientationLandscapeRight";
				LD_RUNPATH_SEARCH_PATHS = (
					"$(inherited)",
					"@executable_path/Frameworks",
				);
				LIBRARY_SEARCH_PATHS = (
					"$(inherited)",
					"$(SDKROOT)/usr/lib/swift",
				);
				MARKETING_VERSION = 1.0;
				PRODUCT_BUNDLE_IDENTIFIER = com.uuu.Chapter09;
				PRODUCT_NAME = "$(TARGET_NAME)";
				SWIFT_EMIT_LOC_STRINGS = YES;
				SWIFT_VERSION = 5.0;
				TARGETED_DEVICE_FAMILY = "1,2";
			};
			name = Debug;
		};
		A853EF9B291CAA5400C6BE51 /* Release */ = {
			isa = XCBuildConfiguration;
			buildSettings = {
				ASSETCATALOG_COMPILER_APPICON_NAME = AppIcon;
				ASSETCATALOG_COMPILER_GLOBAL_ACCENT_COLOR_NAME = AccentColor;
				CODE_SIGN_STYLE = Automatic;
				CURRENT_PROJECT_VERSION = 1;
				DEVELOPMENT_TEAM = 934VW54XDG;
				GENERATE_INFOPLIST_FILE = YES;
				INFOPLIST_FILE = Chapter09/Info.plist;
				INFOPLIST_KEY_UIApplicationSupportsIndirectInputEvents = YES;
				INFOPLIST_KEY_UILaunchStoryboardName = LaunchScreen;
				INFOPLIST_KEY_UIMainStoryboardFile = Main;
				INFOPLIST_KEY_UISupportedInterfaceOrientations_iPad = "UIInterfaceOrientationPortrait UIInterfaceOrientationPortraitUpsideDown UIInterfaceOrientationLandscapeLeft UIInterfaceOrientationLandscapeRight";
				INFOPLIST_KEY_UISupportedInterfaceOrientations_iPhone = "UIInterfaceOrientationPortrait UIInterfaceOrientationLandscapeLeft UIInterfaceOrientationLandscapeRight";
				LD_RUNPATH_SEARCH_PATHS = (
					"$(inherited)",
					"@executable_path/Frameworks",
				);
				LIBRARY_SEARCH_PATHS = (
					"$(inherited)",
					"$(SDKROOT)/usr/lib/swift",
				);
				MARKETING_VERSION = 1.0;
				PRODUCT_BUNDLE_IDENTIFIER = com.uuu.Chapter09;
				PRODUCT_NAME = "$(TARGET_NAME)";
				SWIFT_EMIT_LOC_STRINGS = YES;
				SWIFT_VERSION = 5.0;
				TARGETED_DEVICE_FAMILY = "1,2";
			};
			name = Release;
		};
/* End XCBuildConfiguration section */

/* Begin XCConfigurationList section */
		A853EF80291CAA5300C6BE51 /* Build configuration list for PBXProject "Chapter09" */ = {
			isa = XCConfigurationList;
			buildConfigurations = (
				A853EF97291CAA5400C6BE51 /* Debug */,
				A853EF98291CAA5400C6BE51 /* Release */,
			);
			defaultConfigurationIsVisible = 0;
			defaultConfigurationName = Release;
		};
		A853EF99291CAA5400C6BE51 /* Build configuration list for PBXNativeTarget "Chapter09" */ = {
			isa = XCConfigurationList;
			buildConfigurations = (
				A853EF9A291CAA5400C6BE51 /* Debug */,
				A853EF9B291CAA5400C6BE51 /* Release */,
			);
			defaultConfigurationIsVisible = 0;
			defaultConfigurationName = Release;
		};
/* End XCConfigurationList section */
	};
	rootObject = A853EF7D291CAA5300C6BE51 /* Project object */;
}
